# This file is generated by running "yarn install" inside your project.
# Manual changes might be lost - proceed with caution!

__metadata:
  version: 6
  cacheKey: 8

"@75lb/deep-merge@npm:^1.1.1":
  version: 1.1.1
  resolution: "@75lb/deep-merge@npm:1.1.1"
  dependencies:
    lodash.assignwith: ^4.2.0
    typical: ^7.1.1
  checksum: fd9063488d854bc5d2e1636426a51d7864d0d32d2d82c5b01a40e89466088680f6e2623345fb46782de438088b6d3f029b0eea6d79a7807e0000b365f6b8142b
  languageName: node
  linkType: hard

"@types/command-line-args@npm:5.2.0":
  version: 5.2.0
  resolution: "@types/command-line-args@npm:5.2.0"
  checksum: 423121d2d083765f5b78d090115f3be82d53a39cec9de63719cbd07021e6330fab19b75e2290af1f7dda84efd7964dc498eb10b2b465991de27045db95aa1eef
  languageName: node
  linkType: hard

"@types/command-line-usage@npm:5.0.2":
  version: 5.0.2
  resolution: "@types/command-line-usage@npm:5.0.2"
  checksum: 9c0eabf5e86a405d118dcfb5f4bceae43080efe603a0f240664716a05283dcb389e94e999188d12b10a0aa4452a920445131f1011e7484403f146607cd2577f0
  languageName: node
  linkType: hard

"@types/node@npm:20.3.0":
  version: 20.3.0
  resolution: "@types/node@npm:20.3.0"
  checksum: 613e878174febc0104dae210088645cbb5096a19ae5fdf57fbc06fa6ef71755b839858c2b313fb8c1df8b7c6660e1b5f7a64db2126af9d47d1d9238e2bc0a86d
  languageName: node
  linkType: hard

"@types/pad-left@npm:2.1.1":
  version: 2.1.1
  resolution: "@types/pad-left@npm:2.1.1"
  checksum: db0191e39af416e5eca02f22424306a13b1bf24abb00873bbbb8c28de5085764ff1243c32548580260952588fbef6d9a5a34106276013420bcc79f538f4e8cc2
  languageName: node
  linkType: hard

"ansi-sequence-parser@npm:^1.1.0":
  version: 1.1.1
  resolution: "ansi-sequence-parser@npm:1.1.1"
  checksum: ead5b15c596e8e85ca02951a844366c6776769dcc9fd1bd3a0db11bb21364554822c6a439877fb599e7e1ffa0b5f039f1e5501423950457f3dcb2f480c30b188
  languageName: node
  linkType: hard

"ansi-styles@npm:^4.1.0":
  version: 4.3.0
  resolution: "ansi-styles@npm:4.3.0"
  dependencies:
    color-convert: ^2.0.1
  checksum: 513b44c3b2105dd14cc42a19271e80f386466c4be574bccf60b627432f9198571ebf4ab1e4c3ba17347658f4ee1711c163d574248c0c1cdc2d5917a0ad582ec4
  languageName: node
  linkType: hard

"apache-arrow@npm:^14.0.1":
  version: 14.0.1
  resolution: "apache-arrow@npm:14.0.1"
  dependencies:
    "@types/command-line-args": 5.2.0
    "@types/command-line-usage": 5.0.2
    "@types/node": 20.3.0
    "@types/pad-left": 2.1.1
    command-line-args: 5.2.1
    command-line-usage: 7.0.1
    flatbuffers: 23.5.26
    json-bignum: ^0.0.3
    pad-left: ^2.1.0
    tslib: ^2.5.3
  bin:
    arrow2csv: bin/arrow2csv.js
  checksum: bb4e1eb66478ccafd7e069ccd7042abbff15bc890ffe434f93f78a2c18ccdb51a599101778287c1235f3c9a93d10482f266d739ea2afcffc2f0e320767da9041
  languageName: node
  linkType: hard

"array-back@npm:^3.0.1, array-back@npm:^3.1.0":
  version: 3.1.0
  resolution: "array-back@npm:3.1.0"
  checksum: 7205004fcd0f9edd926db921af901b083094608d5b265738d0290092f9822f73accb468e677db74c7c94ef432d39e5ed75a7b1786701e182efb25bbba9734209
  languageName: node
  linkType: hard

"array-back@npm:^6.2.2":
  version: 6.2.2
  resolution: "array-back@npm:6.2.2"
  checksum: baae1e3a1687300a307d3bdf09715f6415e1099b5729d3d8e397309fb1e43d90b939d694602892172aaca7e0aeed38da89d04aa4951637d31c2a21350809e003
  languageName: node
  linkType: hard

"array-union@npm:^1.0.1":
  version: 1.0.2
  resolution: "array-union@npm:1.0.2"
  dependencies:
    array-uniq: ^1.0.1
  checksum: 82cec6421b6e6766556c484835a6d476a873f1b71cace5ab2b4f1b15b1e3162dc4da0d16f7a2b04d4aec18146c6638fe8f661340b31ba8e469fd811a1b45dc8d
  languageName: node
  linkType: hard

"array-uniq@npm:^1.0.1":
  version: 1.0.3
  resolution: "array-uniq@npm:1.0.3"
  checksum: 1625f06b093d8bf279b81adfec6e72951c0857d65b5e3f65f053fffe9f9dd61c2fc52cff57e38a4700817e7e3f01a4faa433d505ea9e33cdae4514c334e0bf9e
  languageName: node
  linkType: hard

"arrow-wasm@workspace:.":
  version: 0.0.0-use.local
  resolution: "arrow-wasm@workspace:."
  dependencies:
    apache-arrow: ^14.0.1
    gh-pages: ^6.0.0
    typedoc: ^0.25.1
    typescript: ^5.2.2
  languageName: unknown
  linkType: soft

"async@npm:^3.2.4":
  version: 3.2.5
  resolution: "async@npm:3.2.5"
  checksum: 5ec77f1312301dee02d62140a6b1f7ee0edd2a0f983b6fd2b0849b969f245225b990b47b8243e7b9ad16451a53e7f68e753700385b706198ced888beedba3af4
  languageName: node
  linkType: hard

"balanced-match@npm:^1.0.0":
  version: 1.0.2
  resolution: "balanced-match@npm:1.0.2"
  checksum: 9706c088a283058a8a99e0bf91b0a2f75497f185980d9ffa8b304de1d9e58ebda7c72c07ebf01dadedaac5b2907b2c6f566f660d62bd336c3468e960403b9d65
  languageName: node
  linkType: hard

"brace-expansion@npm:^1.1.7":
  version: 1.1.11
  resolution: "brace-expansion@npm:1.1.11"
  dependencies:
    balanced-match: ^1.0.0
    concat-map: 0.0.1
  checksum: faf34a7bb0c3fcf4b59c7808bc5d2a96a40988addf2e7e09dfbb67a2251800e0d14cd2bfc1aa79174f2f5095c54ff27f46fb1289fe2d77dac755b5eb3434cc07
  languageName: node
  linkType: hard

"brace-expansion@npm:^2.0.1":
  version: 2.0.1
  resolution: "brace-expansion@npm:2.0.1"
  dependencies:
    balanced-match: ^1.0.0
  checksum: a61e7cd2e8a8505e9f0036b3b6108ba5e926b4b55089eeb5550cd04a471fe216c96d4fe7e4c7f995c728c554ae20ddfc4244cad10aef255e72b62930afd233d1
  languageName: node
  linkType: hard

"chalk-template@npm:^0.4.0":
  version: 0.4.0
  resolution: "chalk-template@npm:0.4.0"
  dependencies:
    chalk: ^4.1.2
  checksum: 6c706802a79a7963cbce18f022b046fe86e438a67843151868852f80ea7346e975a6a9749991601e7e5d3b6a6c4852a04c53dc966a9a3d04031bd0e0ed53c819
  languageName: node
  linkType: hard

"chalk@npm:^4.1.2":
  version: 4.1.2
  resolution: "chalk@npm:4.1.2"
  dependencies:
    ansi-styles: ^4.1.0
    supports-color: ^7.1.0
  checksum: fe75c9d5c76a7a98d45495b91b2172fa3b7a09e0cc9370e5c8feb1c567b85c4288e2b3fded7cfdd7359ac28d6b3844feb8b82b8686842e93d23c827c417e83fc
  languageName: node
  linkType: hard

"color-convert@npm:^2.0.1":
  version: 2.0.1
  resolution: "color-convert@npm:2.0.1"
  dependencies:
    color-name: ~1.1.4
  checksum: 79e6bdb9fd479a205c71d89574fccfb22bd9053bd98c6c4d870d65c132e5e904e6034978e55b43d69fcaa7433af2016ee203ce76eeba9cfa554b373e7f7db336
  languageName: node
  linkType: hard

"color-name@npm:~1.1.4":
  version: 1.1.4
  resolution: "color-name@npm:1.1.4"
  checksum: b0445859521eb4021cd0fb0cc1a75cecf67fceecae89b63f62b201cca8d345baf8b952c966862a9d9a2632987d4f6581f0ec8d957dfacece86f0a7919316f610
  languageName: node
  linkType: hard

"command-line-args@npm:5.2.1, command-line-args@npm:^5.2.1":
  version: 5.2.1
  resolution: "command-line-args@npm:5.2.1"
  dependencies:
    array-back: ^3.1.0
    find-replace: ^3.0.0
    lodash.camelcase: ^4.3.0
    typical: ^4.0.0
  checksum: e759519087be3cf2e86af8b9a97d3058b4910cd11ee852495be881a067b72891f6a32718fb685ee6d41531ab76b2b7bfb6602f79f882cd4b7587ff1e827982c7
  languageName: node
  linkType: hard

"command-line-usage@npm:7.0.1, command-line-usage@npm:^7.0.0":
  version: 7.0.1
  resolution: "command-line-usage@npm:7.0.1"
  dependencies:
    array-back: ^6.2.2
    chalk-template: ^0.4.0
    table-layout: ^3.0.0
    typical: ^7.1.1
  checksum: ac78ad6b83b9622bb111ae8e82205bde1d2da74df237fdd0bd7d98eda3592c8933ec600818b0b028b2313ddca638b1b60f0780dd9457ad4a0384b17156641f79
  languageName: node
  linkType: hard

"commander@npm:^11.0.0":
  version: 11.1.0
  resolution: "commander@npm:11.1.0"
  checksum: fd1a8557c6b5b622c89ecdfde703242ab7db3b628ea5d1755784c79b8e7cb0d74d65b4a262289b533359cd58e1bfc0bf50245dfbcd2954682a6f367c828b79ef
  languageName: node
  linkType: hard

"commondir@npm:^1.0.1":
  version: 1.0.1
  resolution: "commondir@npm:1.0.1"
  checksum: 59715f2fc456a73f68826285718503340b9f0dd89bfffc42749906c5cf3d4277ef11ef1cca0350d0e79204f00f1f6d83851ececc9095dc88512a697ac0b9bdcb
  languageName: node
  linkType: hard

"concat-map@npm:0.0.1":
  version: 0.0.1
  resolution: "concat-map@npm:0.0.1"
  checksum: 902a9f5d8967a3e2faf138d5cb784b9979bad2e6db5357c5b21c568df4ebe62bcb15108af1b2253744844eb964fc023fbd9afbbbb6ddd0bcc204c6fb5b7bf3af
  languageName: node
  linkType: hard

"email-addresses@npm:^5.0.0":
  version: 5.0.0
  resolution: "email-addresses@npm:5.0.0"
  checksum: e58a510e9caf105313025e1c81488d5391c6404f0bbd7874e8e36a4c14d1ced02ff271748146c13edfa3bd9ce9b25f1194f5369971d77087325f37ab193129bb
  languageName: node
  linkType: hard

"escape-string-regexp@npm:^1.0.2":
  version: 1.0.5
  resolution: "escape-string-regexp@npm:1.0.5"
  checksum: 6092fda75c63b110c706b6a9bfde8a612ad595b628f0bd2147eea1d3406723020810e591effc7db1da91d80a71a737a313567c5abb3813e8d9c71f4aa595b410
  languageName: node
  linkType: hard

"filename-reserved-regex@npm:^2.0.0":
  version: 2.0.0
  resolution: "filename-reserved-regex@npm:2.0.0"
  checksum: 323a0020fd7f243238ffccab9d728cbc5f3a13c84b2c10e01efb09b8324561d7a51776be76f36603c734d4f69145c39a5d12492bf6142a28b50d7f90bd6190bc
  languageName: node
  linkType: hard

"filenamify@npm:^4.3.0":
  version: 4.3.0
  resolution: "filenamify@npm:4.3.0"
  dependencies:
    filename-reserved-regex: ^2.0.0
    strip-outer: ^1.0.1
    trim-repeated: ^1.0.0
  checksum: 5b71a7ff8e958c8621957e6fbf7872024126d3b5da50f59b1634af3343ba1a69d4cc15cfe4ca4bbfa7c959ad4d98614ee51e6f1d9fa7326eef8ceda2da8cd74e
  languageName: node
  linkType: hard

"find-cache-dir@npm:^3.3.1":
  version: 3.3.2
  resolution: "find-cache-dir@npm:3.3.2"
  dependencies:
    commondir: ^1.0.1
    make-dir: ^3.0.2
    pkg-dir: ^4.1.0
  checksum: 1e61c2e64f5c0b1c535bd85939ae73b0e5773142713273818cc0b393ee3555fb0fd44e1a5b161b8b6c3e03e98c2fcc9c227d784850a13a90a8ab576869576817
  languageName: node
  linkType: hard

"find-replace@npm:^3.0.0":
  version: 3.0.0
  resolution: "find-replace@npm:3.0.0"
  dependencies:
    array-back: ^3.0.1
  checksum: 6b04bcfd79027f5b84aa1dfe100e3295da989bdac4b4de6b277f4d063e78f5c9e92ebc8a1fec6dd3b448c924ba404ee051cc759e14a3ee3e825fa1361025df08
  languageName: node
  linkType: hard

"find-up@npm:^4.0.0":
  version: 4.1.0
  resolution: "find-up@npm:4.1.0"
  dependencies:
    locate-path: ^5.0.0
    path-exists: ^4.0.0
  checksum: 4c172680e8f8c1f78839486e14a43ef82e9decd0e74145f40707cc42e7420506d5ec92d9a11c22bd2c48fb0c384ea05dd30e10dd152fefeec6f2f75282a8b844
  languageName: node
  linkType: hard

"flatbuffers@npm:23.5.26":
  version: 23.5.26
  resolution: "flatbuffers@npm:23.5.26"
  checksum: 2528e549118d02fca9775cc9c17cf445741bb58b0a9575eb07bba823394a79dccb3bf97c48561720aa61d3dc9f42759129df0e05eb94c12f809cfb6126eaedd1
  languageName: node
  linkType: hard

"fs-extra@npm:^11.1.1":
  version: 11.2.0
  resolution: "fs-extra@npm:11.2.0"
  dependencies:
    graceful-fs: ^4.2.0
    jsonfile: ^6.0.1
    universalify: ^2.0.0
  checksum: b12e42fa40ba47104202f57b8480dd098aa931c2724565e5e70779ab87605665594e76ee5fb00545f772ab9ace167fe06d2ab009c416dc8c842c5ae6df7aa7e8
  languageName: node
  linkType: hard

"fs.realpath@npm:^1.0.0":
  version: 1.0.0
  resolution: "fs.realpath@npm:1.0.0"
  checksum: 99ddea01a7e75aa276c250a04eedeffe5662bce66c65c07164ad6264f9de18fb21be9433ead460e54cff20e31721c811f4fb5d70591799df5f85dce6d6746fd0
  languageName: node
  linkType: hard

"gh-pages@npm:^6.0.0":
  version: 6.1.0
  resolution: "gh-pages@npm:6.1.0"
  dependencies:
    async: ^3.2.4
    commander: ^11.0.0
    email-addresses: ^5.0.0
    filenamify: ^4.3.0
    find-cache-dir: ^3.3.1
    fs-extra: ^11.1.1
    globby: ^6.1.0
  bin:
    gh-pages: bin/gh-pages.js
    gh-pages-clean: bin/gh-pages-clean.js
  checksum: aa8a836869f49203b9fe6f7b2e5b02fbe38349036f5f0a8b0e3d0a6bfae81d02a3212971ac58e04948f9830215a0f94a651b266e1cf83ebb8f1b86a22835f72d
  languageName: node
  linkType: hard

"glob@npm:^7.0.3":
  version: 7.2.3
  resolution: "glob@npm:7.2.3"
  dependencies:
    fs.realpath: ^1.0.0
    inflight: ^1.0.4
    inherits: 2
    minimatch: ^3.1.1
    once: ^1.3.0
    path-is-absolute: ^1.0.0
  checksum: 29452e97b38fa704dabb1d1045350fb2467cf0277e155aa9ff7077e90ad81d1ea9d53d3ee63bd37c05b09a065e90f16aec4a65f5b8de401d1dac40bc5605d133
  languageName: node
  linkType: hard

"globby@npm:^6.1.0":
  version: 6.1.0
  resolution: "globby@npm:6.1.0"
  dependencies:
    array-union: ^1.0.1
    glob: ^7.0.3
    object-assign: ^4.0.1
    pify: ^2.0.0
    pinkie-promise: ^2.0.0
  checksum: 18109d6b9d55643d2b98b59c3cfae7073ccfe39829632f353d516cc124d836c2ddebe48a23f04af63d66a621b6d86dd4cbd7e6af906f2458a7fe510ffc4bd424
  languageName: node
  linkType: hard

"graceful-fs@npm:^4.1.6, graceful-fs@npm:^4.2.0":
  version: 4.2.11
  resolution: "graceful-fs@npm:4.2.11"
  checksum: ac85f94da92d8eb6b7f5a8b20ce65e43d66761c55ce85ac96df6865308390da45a8d3f0296dd3a663de65d30ba497bd46c696cc1e248c72b13d6d567138a4fc7
  languageName: node
  linkType: hard

"has-flag@npm:^4.0.0":
  version: 4.0.0
  resolution: "has-flag@npm:4.0.0"
  checksum: 261a1357037ead75e338156b1f9452c016a37dcd3283a972a30d9e4a87441ba372c8b81f818cd0fbcd9c0354b4ae7e18b9e1afa1971164aef6d18c2b6095a8ad
  languageName: node
  linkType: hard

"inflight@npm:^1.0.4":
  version: 1.0.6
  resolution: "inflight@npm:1.0.6"
  dependencies:
    once: ^1.3.0
    wrappy: 1
  checksum: f4f76aa072ce19fae87ce1ef7d221e709afb59d445e05d47fba710e85470923a75de35bfae47da6de1b18afc3ce83d70facf44cfb0aff89f0a3f45c0a0244dfd
  languageName: node
  linkType: hard

"inherits@npm:2":
  version: 2.0.4
  resolution: "inherits@npm:2.0.4"
  checksum: 4a48a733847879d6cf6691860a6b1e3f0f4754176e4d71494c41f3475553768b10f84b5ce1d40fbd0e34e6bfbb864ee35858ad4dd2cf31e02fc4a154b724d7f1
  languageName: node
  linkType: hard

"json-bignum@npm:^0.0.3":
  version: 0.0.3
  resolution: "json-bignum@npm:0.0.3"
  checksum: e64b69089fa6760ef6373138754fece6467110a769a57991f6c9f0abf203413606540200e0682c8d3b377421aa9584eeccfaef424f7d8253b3b74c6b670b2fab
  languageName: node
  linkType: hard

"jsonc-parser@npm:^3.2.0":
  version: 3.2.0
  resolution: "jsonc-parser@npm:3.2.0"
  checksum: 946dd9a5f326b745aa326d48a7257e3f4a4b62c5e98ec8e49fa2bdd8d96cef7e6febf1399f5c7016114fd1f68a1c62c6138826d5d90bc650448e3cf0951c53c7
  languageName: node
  linkType: hard

"jsonfile@npm:^6.0.1":
  version: 6.1.0
  resolution: "jsonfile@npm:6.1.0"
  dependencies:
    graceful-fs: ^4.1.6
    universalify: ^2.0.0
  dependenciesMeta:
    graceful-fs:
      optional: true
  checksum: 7af3b8e1ac8fe7f1eccc6263c6ca14e1966fcbc74b618d3c78a0a2075579487547b94f72b7a1114e844a1e15bb00d440e5d1720bfc4612d790a6f285d5ea8354
  languageName: node
  linkType: hard

"locate-path@npm:^5.0.0":
  version: 5.0.0
  resolution: "locate-path@npm:5.0.0"
  dependencies:
    p-locate: ^4.1.0
  checksum: 83e51725e67517287d73e1ded92b28602e3ae5580b301fe54bfb76c0c723e3f285b19252e375712316774cf52006cb236aed5704692c32db0d5d089b69696e30
  languageName: node
  linkType: hard

"lodash.assignwith@npm:^4.2.0":
  version: 4.2.0
  resolution: "lodash.assignwith@npm:4.2.0"
  checksum: 014a88e398802ca4eaae314afb67f32eb2cab6f01e61490dbbb74694263f79715341ab8ddf4b344093a2253b506d347f67731f0499e457d9c0128be1d2caf6dd
  languageName: node
  linkType: hard

"lodash.camelcase@npm:^4.3.0":
  version: 4.3.0
  resolution: "lodash.camelcase@npm:4.3.0"
  checksum: cb9227612f71b83e42de93eccf1232feeb25e705bdb19ba26c04f91e885bfd3dd5c517c4a97137658190581d3493ea3973072ca010aab7e301046d90740393d1
  languageName: node
  linkType: hard

"lunr@npm:^2.3.9":
  version: 2.3.9
  resolution: "lunr@npm:2.3.9"
  checksum: 176719e24fcce7d3cf1baccce9dd5633cd8bdc1f41ebe6a180112e5ee99d80373fe2454f5d4624d437e5a8319698ca6837b9950566e15d2cae5f2a543a3db4b8
  languageName: node
  linkType: hard

"make-dir@npm:^3.0.2":
  version: 3.1.0
  resolution: "make-dir@npm:3.1.0"
  dependencies:
    semver: ^6.0.0
  checksum: 484200020ab5a1fdf12f393fe5f385fc8e4378824c940fba1729dcd198ae4ff24867bc7a5646331e50cead8abff5d9270c456314386e629acec6dff4b8016b78
  languageName: node
  linkType: hard

"marked@npm:^4.3.0":
  version: 4.3.0
  resolution: "marked@npm:4.3.0"
  bin:
    marked: bin/marked.js
  checksum: 0db6817893952c3ec710eb9ceafb8468bf5ae38cb0f92b7b083baa13d70b19774674be04db5b817681fa7c5c6a088f61300815e4dd75a59696f4716ad69f6260
  languageName: node
  linkType: hard

"minimatch@npm:^3.1.1":
  version: 3.1.2
  resolution: "minimatch@npm:3.1.2"
  dependencies:
    brace-expansion: ^1.1.7
  checksum: c154e566406683e7bcb746e000b84d74465b3a832c45d59912b9b55cd50dee66e5c4b1e5566dba26154040e51672f9aa450a9aef0c97cfc7336b78b7afb9540a
  languageName: node
  linkType: hard

"minimatch@npm:^9.0.3":
  version: 9.0.3
  resolution: "minimatch@npm:9.0.3"
  dependencies:
    brace-expansion: ^2.0.1
  checksum: 253487976bf485b612f16bf57463520a14f512662e592e95c571afdab1442a6a6864b6c88f248ce6fc4ff0b6de04ac7aa6c8bb51e868e99d1d65eb0658a708b5
  languageName: node
  linkType: hard

"object-assign@npm:^4.0.1":
  version: 4.1.1
  resolution: "object-assign@npm:4.1.1"
  checksum: fcc6e4ea8c7fe48abfbb552578b1c53e0d194086e2e6bbbf59e0a536381a292f39943c6e9628af05b5528aa5e3318bb30d6b2e53cadaf5b8fe9e12c4b69af23f
  languageName: node
  linkType: hard

"once@npm:^1.3.0":
  version: 1.4.0
  resolution: "once@npm:1.4.0"
  dependencies:
    wrappy: 1
  checksum: cd0a88501333edd640d95f0d2700fbde6bff20b3d4d9bdc521bdd31af0656b5706570d6c6afe532045a20bb8dc0849f8332d6f2a416e0ba6d3d3b98806c7db68
  languageName: node
  linkType: hard

"p-limit@npm:^2.2.0":
  version: 2.3.0
  resolution: "p-limit@npm:2.3.0"
  dependencies:
    p-try: ^2.0.0
  checksum: 84ff17f1a38126c3314e91ecfe56aecbf36430940e2873dadaa773ffe072dc23b7af8e46d4b6485d302a11673fe94c6b67ca2cfbb60c989848b02100d0594ac1
  languageName: node
  linkType: hard

"p-locate@npm:^4.1.0":
  version: 4.1.0
  resolution: "p-locate@npm:4.1.0"
  dependencies:
    p-limit: ^2.2.0
  checksum: 513bd14a455f5da4ebfcb819ef706c54adb09097703de6aeaa5d26fe5ea16df92b48d1ac45e01e3944ce1e6aa2a66f7f8894742b8c9d6e276e16cd2049a2b870
  languageName: node
  linkType: hard

"p-try@npm:^2.0.0":
  version: 2.2.0
  resolution: "p-try@npm:2.2.0"
  checksum: f8a8e9a7693659383f06aec604ad5ead237c7a261c18048a6e1b5b85a5f8a067e469aa24f5bc009b991ea3b058a87f5065ef4176793a200d4917349881216cae
  languageName: node
  linkType: hard

"pad-left@npm:^2.1.0":
  version: 2.1.0
  resolution: "pad-left@npm:2.1.0"
  dependencies:
    repeat-string: ^1.5.4
  checksum: a1605c3cb0ebd9be1a74f7f895524d3bf30f24492db87421c2fda9b8c0fcee17b3b594dacfb5eb1d3189d59c69d2f969677bc04b8280a7ef6303566154dbd078
  languageName: node
  linkType: hard

"path-exists@npm:^4.0.0":
  version: 4.0.0
  resolution: "path-exists@npm:4.0.0"
  checksum: 505807199dfb7c50737b057dd8d351b82c033029ab94cb10a657609e00c1bc53b951cfdbccab8de04c5584d5eff31128ce6afd3db79281874a5ef2adbba55ed1
  languageName: node
  linkType: hard

"path-is-absolute@npm:^1.0.0":
  version: 1.0.1
  resolution: "path-is-absolute@npm:1.0.1"
  checksum: 060840f92cf8effa293bcc1bea81281bd7d363731d214cbe5c227df207c34cd727430f70c6037b5159c8a870b9157cba65e775446b0ab06fd5ecc7e54615a3b8
  languageName: node
  linkType: hard

"pify@npm:^2.0.0":
  version: 2.3.0
  resolution: "pify@npm:2.3.0"
  checksum: 9503aaeaf4577acc58642ad1d25c45c6d90288596238fb68f82811c08104c800e5a7870398e9f015d82b44ecbcbef3dc3d4251a1cbb582f6e5959fe09884b2ba
  languageName: node
  linkType: hard

"pinkie-promise@npm:^2.0.0":
  version: 2.0.1
  resolution: "pinkie-promise@npm:2.0.1"
  dependencies:
    pinkie: ^2.0.0
  checksum: b53a4a2e73bf56b6f421eef711e7bdcb693d6abb474d57c5c413b809f654ba5ee750c6a96dd7225052d4b96c4d053cdcb34b708a86fceed4663303abee52fcca
  languageName: node
  linkType: hard

"pinkie@npm:^2.0.0":
  version: 2.0.4
  resolution: "pinkie@npm:2.0.4"
  checksum: b12b10afea1177595aab036fc220785488f67b4b0fc49e7a27979472592e971614fa1c728e63ad3e7eb748b4ec3c3dbd780819331dad6f7d635c77c10537b9db
  languageName: node
  linkType: hard

"pkg-dir@npm:^4.1.0":
  version: 4.2.0
  resolution: "pkg-dir@npm:4.2.0"
  dependencies:
    find-up: ^4.0.0
  checksum: 9863e3f35132bf99ae1636d31ff1e1e3501251d480336edb1c211133c8d58906bed80f154a1d723652df1fda91e01c7442c2eeaf9dc83157c7ae89087e43c8d6
  languageName: node
  linkType: hard

"repeat-string@npm:^1.5.4":
  version: 1.6.1
  resolution: "repeat-string@npm:1.6.1"
  checksum: 1b809fc6db97decdc68f5b12c4d1a671c8e3f65ec4a40c238bc5200e44e85bcc52a54f78268ab9c29fcf5fe4f1343e805420056d1f30fa9a9ee4c2d93e3cc6c0
  languageName: node
  linkType: hard

"semver@npm:^6.0.0":
  version: 6.3.1
  resolution: "semver@npm:6.3.1"
  bin:
    semver: bin/semver.js
  checksum: ae47d06de28836adb9d3e25f22a92943477371292d9b665fb023fae278d345d508ca1958232af086d85e0155aee22e313e100971898bbb8d5d89b8b1d4054ca2
  languageName: node
  linkType: hard

"shiki@npm:^0.14.1":
  version: 0.14.7
  resolution: "shiki@npm:0.14.7"
  dependencies:
    ansi-sequence-parser: ^1.1.0
    jsonc-parser: ^3.2.0
    vscode-oniguruma: ^1.7.0
    vscode-textmate: ^8.0.0
  checksum: 2aec3b3519df977c4391df9e1825cb496e9a4d7e11395f05a0da77e4fa2f7c3d9d6e6ee94029ac699533017f2b25637ee68f6d39f05f311535c2704d0329b520
  languageName: node
  linkType: hard

"stream-read-all@npm:^3.0.1":
  version: 3.0.1
  resolution: "stream-read-all@npm:3.0.1"
  checksum: 40d3c286837f1b1ae7e8105959804ad42fda00f2c087722d981cb1c9fbbea892b8a0a7ca1cf6a016c96770151a6201a3da5c8b66fe35e35106b52a5e9ab90e3e
  languageName: node
  linkType: hard

"strip-outer@npm:^1.0.1":
  version: 1.0.1
  resolution: "strip-outer@npm:1.0.1"
  dependencies:
    escape-string-regexp: ^1.0.2
  checksum: f8d65d33ca2b49aabc66bb41d689dda7b8b9959d320e3a40a2ef4d7079ff2f67ffb72db43f179f48dbf9495c2e33742863feab7a584d180fa62505439162c191
  languageName: node
  linkType: hard

"supports-color@npm:^7.1.0":
  version: 7.2.0
  resolution: "supports-color@npm:7.2.0"
  dependencies:
    has-flag: ^4.0.0
  checksum: 3dda818de06ebbe5b9653e07842d9479f3555ebc77e9a0280caf5a14fb877ffee9ed57007c3b78f5a6324b8dbeec648d9e97a24e2ed9fdb81ddc69ea07100f4a
  languageName: node
  linkType: hard

"table-layout@npm:^3.0.0":
  version: 3.0.2
  resolution: "table-layout@npm:3.0.2"
  dependencies:
    "@75lb/deep-merge": ^1.1.1
    array-back: ^6.2.2
    command-line-args: ^5.2.1
    command-line-usage: ^7.0.0
    stream-read-all: ^3.0.1
    typical: ^7.1.1
    wordwrapjs: ^5.1.0
  bin:
    table-layout: bin/cli.js
  checksum: 2d4c538f224e64321d35788dbf78305cc1d138a3508e1a29f33e4f6b00bd082990a45dc85fd92948213f48ed8c0b3599155c2a05de412661ff020635e0db3762
  languageName: node
  linkType: hard

"trim-repeated@npm:^1.0.0":
  version: 1.0.0
  resolution: "trim-repeated@npm:1.0.0"
  dependencies:
    escape-string-regexp: ^1.0.2
  checksum: e25c235305b82c43f1d64a67a71226c406b00281755e4c2c4f3b1d0b09c687a535dd3c4483327f949f28bb89dc400a0bc5e5b749054f4b99f49ebfe48ba36496
  languageName: node
  linkType: hard

"tslib@npm:^2.5.3":
  version: 2.6.2
  resolution: "tslib@npm:2.6.2"
  checksum: 329ea56123005922f39642318e3d1f0f8265d1e7fcb92c633e0809521da75eeaca28d2cf96d7248229deb40e5c19adf408259f4b9640afd20d13aecc1430f3ad
  languageName: node
  linkType: hard

"typedoc@npm:^0.25.1":
  version: 0.25.4
  resolution: "typedoc@npm:0.25.4"
  dependencies:
    lunr: ^2.3.9
    marked: ^4.3.0
    minimatch: ^9.0.3
    shiki: ^0.14.1
  peerDependencies:
    typescript: 4.6.x || 4.7.x || 4.8.x || 4.9.x || 5.0.x || 5.1.x || 5.2.x || 5.3.x
  bin:
    typedoc: bin/typedoc
  checksum: 6d441baa277c0db4d577db2932a7af316d175415841e2faf2e68e3eda6ad60356c54f56374f89c5233d7bd5c057b0337455e5d484d8463e1445e67c37a6d94eb
  languageName: node
  linkType: hard

"typescript@npm:^5.2.2":
  version: 5.3.3
  resolution: "typescript@npm:5.3.3"
  bin:
    tsc: bin/tsc
    tsserver: bin/tsserver
  checksum: 2007ccb6e51bbbf6fde0a78099efe04dc1c3dfbdff04ca3b6a8bc717991862b39fd6126c0c3ebf2d2d98ac5e960bcaa873826bb2bb241f14277034148f41f6a2
  languageName: node
  linkType: hard

"typescript@patch:typescript@^5.2.2#~builtin<compat/typescript>":
  version: 5.3.3
  resolution: "typescript@patch:typescript@npm%3A5.3.3#~builtin<compat/typescript>::version=5.3.3&hash=f3b441"
  bin:
    tsc: bin/tsc
    tsserver: bin/tsserver
  checksum: f61375590b3162599f0f0d5b8737877ac0a7bc52761dbb585d67e7b8753a3a4c42d9a554c4cc929f591ffcf3a2b0602f65ae3ce74714fd5652623a816862b610
  languageName: node
  linkType: hard

"typical@npm:^4.0.0":
  version: 4.0.0
  resolution: "typical@npm:4.0.0"
  checksum: a242081956825328f535e6195a924240b34daf6e7fdb573a1809a42b9f37fb8114fa99c7ab89a695e0cdb419d4149d067f6723e4b95855ffd39c6c4ca378efb3
  languageName: node
  linkType: hard

"typical@npm:^7.1.1":
  version: 7.1.1
  resolution: "typical@npm:7.1.1"
  checksum: 292c64a2e3d2296fd1b7a92bbe3a9ad683f643f3faa8c9b45f6911105da54246817a3e2a4f0fdd01bb4c49d2b940618ad30b6771ac1c94bf690a40c706f657fa
  languageName: node
  linkType: hard

"universalify@npm:^2.0.0":
  version: 2.0.1
  resolution: "universalify@npm:2.0.1"
  checksum: ecd8469fe0db28e7de9e5289d32bd1b6ba8f7183db34f3bfc4ca53c49891c2d6aa05f3fb3936a81285a905cc509fb641a0c3fc131ec786167eff41236ae32e60
  languageName: node
  linkType: hard

"vscode-oniguruma@npm:^1.7.0":
  version: 1.7.0
  resolution: "vscode-oniguruma@npm:1.7.0"
  checksum: 53519d91d90593e6fb080260892e87d447e9b200c4964d766772b5053f5699066539d92100f77f1302c91e8fc5d9c772fbe40fe4c90f3d411a96d5a9b1e63f42
  languageName: node
  linkType: hard

"vscode-textmate@npm:^8.0.0":
  version: 8.0.0
  resolution: "vscode-textmate@npm:8.0.0"
  checksum: 127780dfea89559d70b8326df6ec344cfd701312dd7f3f591a718693812b7852c30b6715e3cfc8b3200a4e2515b4c96f0843c0eacc0a3020969b5de262c2a4bb
  languageName: node
  linkType: hard

"wordwrapjs@npm:^5.1.0":
  version: 5.1.0
  resolution: "wordwrapjs@npm:5.1.0"
  checksum: 063c7a5a85b694be1a5fd96f7ae0c0f4d717a087909e5c70cf25edec6eb5df5f2f5561f23e939cf6d7514cf81902610f74f288ef1612a49bf5451de15e0e29db
  languageName: node
  linkType: hard

"wrappy@npm:1":
  version: 1.0.2
  resolution: "wrappy@npm:1.0.2"
  checksum: 159da4805f7e84a3d003d8841557196034155008f817172d4e986bd591f74aa82aa7db55929a54222309e01079a65a92a9e6414da5a6aa4b01ee44a511ac3ee5
  languageName: node
  linkType: hard
